<?xml version="1.0" encoding="utf-8"?>
<Project xmlns="http://schemas.microsoft.com/developer/msbuild/2003">
  <PropertyGroup>
    <ProjectGuid>{e53b74b2-70ea-41cb-a9c6-4ddb7bc628fd}</ProjectGuid>
    <MainSource>fifoWeave.dpr</MainSource>
    <Configuration Condition=" '$(Configuration)' == '' ">Release</Configuration>
    <Platform Condition=" '$(Platform)' == '' ">AnyCPU</Platform>
    <DCC_DCCCompiler>DCC32</DCC_DCCCompiler>
    <DCC_DependencyCheckOutputName>fifoWeave.exe</DCC_DependencyCheckOutputName>
  </PropertyGroup>
  <PropertyGroup Condition=" '$(Configuration)|$(Platform)' == 'Release|AnyCPU' ">
    <Version>7.0</Version>
    <DCC_SymbolReferenceInfo>0</DCC_SymbolReferenceInfo>
    <DCC_Define>RELEASE;</DCC_Define>
    <DCC_AssertionsAtRuntime>False</DCC_AssertionsAtRuntime>
    <DCC_LocalDebugSymbols>False</DCC_LocalDebugSymbols>
    <DCC_UnitSearchPath>.\Simul 3D - Sans dll</DCC_UnitSearchPath>
    <DCC_ResourcePath>.\Simul 3D - Sans dll</DCC_ResourcePath>
    <DCC_ObjPath>.\Simul 3D - Sans dll</DCC_ObjPath>
    <DCC_IncludePath>.\Simul 3D - Sans dll</DCC_IncludePath>
    <DCC_MapFile>3</DCC_MapFile>
    <DCC_GenerateStackFrames>True</DCC_GenerateStackFrames>
  </PropertyGroup>
  <PropertyGroup Condition=" '$(Configuration)|$(Platform)' == 'Debug|AnyCPU' ">
    <Version>7.0</Version>
    <DCC_Define>DEBUG</DCC_Define>
    <DCC_UnitSearchPath>C:\Composants 2007\Jedi\jcl\lib\d11\debug;C:\Program Files (x86)\EurekaLab\EurekaLog 7\Lib\Win32\Debug\Delphi11\;$(BDS)\lib\Debug;$(BDS)\Lib\Debug\Indy10;$(BDS)\RaveReports\Lib;C:\COMPOS~1\Jedi\jcl\lib\d11\debug;C:\Users\ads\AppData\Roaming\Delphi\YX-Weave New - Copie;C:\Users\ads\AppData\Roaming\Delphi\Common</DCC_UnitSearchPath>
    <DCC_ResourcePath>C:\Composants 2007\Jedi\jcl\lib\d11\debug;C:\Program Files (x86)\EurekaLab\EurekaLog 7\Lib\Win32\Debug\Delphi11\;$(BDS)\lib\Debug;$(BDS)\Lib\Debug\Indy10;$(BDS)\RaveReports\Lib;C:\COMPOS~1\Jedi\jcl\lib\d11\debug;C:\Users\ads\AppData\Roaming\Delphi\YX-Weave New - Copie;C:\Users\ads\AppData\Roaming\Delphi\Common</DCC_ResourcePath>
    <DCC_ObjPath>C:\Composants 2007\Jedi\jcl\lib\d11\debug;C:\Program Files (x86)\EurekaLab\EurekaLog 7\Lib\Win32\Debug\Delphi11\;$(BDS)\lib\Debug;$(BDS)\Lib\Debug\Indy10;$(BDS)\RaveReports\Lib;C:\COMPOS~1\Jedi\jcl\lib\d11\debug;C:\Users\ads\AppData\Roaming\Delphi\YX-Weave New - Copie;C:\Users\ads\AppData\Roaming\Delphi\Common</DCC_ObjPath>
    <DCC_IncludePath>C:\Composants 2007\Jedi\jcl\lib\d11\debug;C:\Program Files (x86)\EurekaLab\EurekaLog 7\Lib\Win32\Debug\Delphi11\;$(BDS)\lib\Debug;$(BDS)\Lib\Debug\Indy10;$(BDS)\RaveReports\Lib;C:\COMPOS~1\Jedi\jcl\lib\d11\debug;C:\Users\ads\AppData\Roaming\Delphi\YX-Weave New - Copie;C:\Users\ads\AppData\Roaming\Delphi\Common</DCC_IncludePath>
  </PropertyGroup>
  <ProjectExtensions>
    <Borland.Personality>Delphi.Personality</Borland.Personality>
    <Borland.ProjectType>VCLApplication</Borland.ProjectType>
    <BorlandProject>
<BorlandProject><Delphi.Personality><Parameters><Parameters Name="UseLauncher">False</Parameters><Parameters Name="LoadAllSymbols">True</Parameters><Parameters Name="LoadUnspecifiedSymbols">False</Parameters></Parameters><VersionInfo><VersionInfo Name="IncludeVerInfo">True</VersionInfo><VersionInfo Name="AutoIncBuild">False</VersionInfo><VersionInfo Name="MajorVer">4</VersionInfo><VersionInfo Name="MinorVer">0</VersionInfo><VersionInfo Name="Release">0</VersionInfo><VersionInfo Name="Build">345</VersionInfo><VersionInfo Name="Debug">False</VersionInfo><VersionInfo Name="PreRelease">False</VersionInfo><VersionInfo Name="Special">False</VersionInfo><VersionInfo Name="Private">False</VersionInfo><VersionInfo Name="DLL">False</VersionInfo><VersionInfo Name="Locale">1036</VersionInfo><VersionInfo Name="CodePage">1252</VersionInfo></VersionInfo><VersionInfoKeys><VersionInfoKeys Name="CompanyName">fifo</VersionInfoKeys><VersionInfoKeys Name="FileDescription">Weaving Software</VersionInfoKeys><VersionInfoKeys Name="FileVersion">4.0.0.345</VersionInfoKeys><VersionInfoKeys Name="InternalName"></VersionInfoKeys><VersionInfoKeys Name="LegalCopyright">1996-2012 fifo</VersionInfoKeys><VersionInfoKeys Name="LegalTrademarks"></VersionInfoKeys><VersionInfoKeys Name="OriginalFilename"></VersionInfoKeys><VersionInfoKeys Name="ProductName">fifo-Weave</VersionInfoKeys><VersionInfoKeys Name="ProductVersion">4.0.0.345</VersionInfoKeys><VersionInfoKeys Name="Comments"></VersionInfoKeys></VersionInfoKeys><Excluded_Packages>
      
      
      
      
      
      
      
      
      
      
      
      
      
      
      
      
      
      
      
      
      
      
      
      
      <Excluded_Packages Name="C:\Composants 2007\Data Abstract for Delphi\Dcu\D11\DataAbstract_MyDACDriver_D11.bpl">RemObjects Data Abstract - CoreLabs MyDAC Driver</Excluded_Packages>
      <Excluded_Packages Name="C:\Users\ads\Documents\RAD Studio\5.0\Bpl\ToolKitD2007DSDAC.bpl">C/S ToolKit for SQL Server</Excluded_Packages>
      <Excluded_Packages Name="C:\Users\ads\Documents\RAD Studio\5.0\Bpl\GmPrintSuite_D2007.bpl">(sans titre)</Excluded_Packages>
      <Excluded_Packages Name="C:\Composants 2007\JCF\JCFIde2007.bpl">Fichier C:\Composants 2007\JCF\JCFIde2007.bpl non trouvé</Excluded_Packages>
      <Excluded_Packages Name="$(BDS)\bin\dcloffice2k100.bpl">Composants Microsoft Office 2000 Sample Automation Server Wrapper</Excluded_Packages>
      <Excluded_Packages Name="C:\Composants 2007\RemObjects SDK for Delphi\Dcu\D11\RemObjects_WebBroker_D11.bpl">RemObjects SDK - WebBroker Library</Excluded_Packages>
      <Excluded_Packages Name="C:\Composants 2007\RemObjects SDK for Delphi\Dcu\D11\RemObjects_DataSnap_D11.bpl">RemObjects SDK - DataSnap Integration Pack</Excluded_Packages>
      <Excluded_Packages Name="C:\Users\ads\Documents\RAD Studio\5.0\Bpl\JclRepositoryExpert110.bpl">JclRepositoryExpert</Excluded_Packages>
    </Excluded_Packages><Source><Source Name="MainSource">fifoWeave.dpr</Source></Source></Delphi.Personality></BorlandProject></BorlandProject>
  </ProjectExtensions>
  <Import Project="$(MSBuildBinPath)\Borland.Delphi.Targets" />
  <ItemGroup>
    <DelphiCompile Include="fifoWeave.dpr">
      <MainSource>MainSource</MainSource>
    </DelphiCompile>
    <DCCReference Include="..\Common\Datas.pas">
      <Form>DM</Form>
      <DesignClass>TDataModule</DesignClass>
    </DCCReference>
    <DCCReference Include="..\Common\DobbyWF.pas">
      <Form>DobbyWizardFrom</Form>
      <DesignClass>TTntForm</DesignClass>
    </DCCReference>
    <DCCReference Include="..\Common\machines.pas">
      <Form>MachineForm</Form>
      <DesignClass>TTntForm</DesignClass>
    </DCCReference>
    <DCCReference Include="..\Common\MappingLibrary_Intf.pas" />
    <DCCReference Include="..\Common\MEC\MECLibrary_Intf.pas" />
    <DCCReference Include="..\Common\MEC\MECLibrary_Invk.pas" />
    <DCCReference Include="..\Common\MEC\MECService_Impl.pas">
      <Form>MECService</Form>
      <DesignClass>TRORemoteDataModule</DesignClass>
    </DCCReference>
    <DCCReference Include="..\Common\melangeurF.pas">
      <Form>MelangeurForm</Form>
      <DesignClass>TTntForm</DesignClass>
    </DCCReference>
    <DCCReference Include="..\Common\PrefF.pas">
      <Form>PrefForm</Form>
      <DesignClass>TTntForm</DesignClass>
    </DCCReference>
    <DCCReference Include="..\Common\ProductionDobby.pas" />
    <DCCReference Include="..\Common\ProductionJacquard.pas" />
    <DCCReference Include="..\Common\YarnUnit.pas" />
    <DCCReference Include="aboutf.pas">
      <Form>aboutForm</Form>
      <DesignClass>TTntForm</DesignClass>
    </DCCReference>
    <DCCReference Include="ADjustF.pas">
      <Form>ADjustForm</Form>
    </DCCReference>
    <DCCReference Include="analysef.pas">
      <Form>AnalyseForm</Form>
      <DesignClass>TTntForm</DesignClass>
    </DCCReference>
    <DCCReference Include="analysF.pas">
      <Form>AnalysForm</Form>
      <DesignClass>TTntForm</DesignClass>
    </DCCReference>
    <DCCReference Include="BarCodeF.pas">
      <Form>BarcodeForm</Form>
      <DesignClass>TTntForm</DesignClass>
    </DCCReference>
    <DCCReference Include="BlanketF.pas">
      <Form>BlanketForm</Form>
    </DCCReference>
    <DCCReference Include="BlanketNameF.pas">
      <Form>BlanketNameForm</Form>
    </DCCReference>
    <DCCReference Include="boucleF.pas">
      <Form>BoucleForm</Form>
      <DesignClass>TTntForm</DesignClass>
    </DCCReference>
    <DCCReference Include="C2007\SPTBXLib\Source\TracBarF.pas">
      <Form>TrackBarForm</Form>
      <DesignClass>TTntForm</DesignClass>
    </DCCReference>
    <DCCReference Include="C:\Composants 2007\SPTBXLib\Source\TracBarF.pas">
      <DesignClass>TTntForm</DesignClass>
      <Form>TrackBarForm</Form>
    </DCCReference>
    <DCCReference Include="cartonClavier.pas">
      <Form>CartonClavierForm</Form>
    </DCCReference>
    <DCCReference Include="CatalogF.pas">
      <Form>CatalogForm</Form>
      <DesignClass>TTntForm</DesignClass>
    </DCCReference>
    <DCCReference Include="centrageF.pas">
      <Form>centrageform</Form>
      <DesignClass>TTntForm</DesignClass>
    </DCCReference>
    <DCCReference Include="ChoixImpColorF.pas">
      <Form>ChoixImpFormColor</Form>
      <DesignClass>TTntForm</DesignClass>
    </DCCReference>
    <DCCReference Include="ChoixImpF.pas">
      <Form>ChoixImpForm</Form>
      <DesignClass>TTntForm</DesignClass>
    </DCCReference>
    <DCCReference Include="ChoixImpFBlanket.pas">
      <Form>ChoixImpFormBlanket</Form>
      <DesignClass>TTntForm</DesignClass>
    </DCCReference>
    <DCCReference Include="classic.pas">
      <Form>classicform</Form>
      <DesignClass>TTntForm</DesignClass>
    </DCCReference>
    <DCCReference Include="ClavierJacF.pas">
      <Form>ClavierJacForm</Form>
      <DesignClass>TTntForm</DesignClass>
    </DCCReference>
    <DCCReference Include="ColletageStaubF.pas">
      <Form>ColletageStaubliForm</Form>
    </DCCReference>
    <DCCReference Include="ColorwayWizardF.pas">
      <Form>ColorwayWizardForm</Form>
    </DCCReference>
    <DCCReference Include="ColorweaveConverterF.pas">
      <Form>ColorweaveConverter</Form>
      <DesignClass>TTntForm</DesignClass>
    </DCCReference>
    <DCCReference Include="CompoundlistF.pas">
      <Form>CompoundListForm</Form>
    </DCCReference>
    <DCCReference Include="correctF.pas">
      <Form>CorrectForm</Form>
      <DesignClass>TTntForm</DesignClass>
    </DCCReference>
    <DCCReference Include="cpicker.pas">
      <Form>CPickerForm</Form>
      <DesignClass>TTntForm</DesignClass>
    </DCCReference>
    <DCCReference Include="CrinkleF.pas">
      <Form>CrinkleForm</Form>
      <DesignClass>TTntForm</DesignClass>
    </DCCReference>
    <DCCReference Include="CustLattageF.pas">
      <Form>CustomLattageForm</Form>
      <DesignClass>TTntForm</DesignClass>
    </DCCReference>
    <DCCReference Include="CustPreviewF.pas">
      <Form>CustPreviewForm</Form>
      <DesignClass>TTntForm</DesignClass>
    </DCCReference>
    <DCCReference Include="CylindreF.pas">
      <Form>Cylindreform</Form>
    </DCCReference>
    <DCCReference Include="DataColorF.pas">
      <Form>DataColorForm</Form>
    </DCCReference>
    <DCCReference Include="DataF.pas">
      <Form>DataForm</Form>
      <DesignClass>TTntForm</DesignClass>
    </DCCReference>
    <DCCReference Include="DB1ImportF.pas">
      <Form>DB1Importer</Form>
    </DCCReference>
    <DCCReference Include="DegradeF.pas">
      <Form>DegradeForm</Form>
    </DCCReference>
    <DCCReference Include="DegSeqF.pas">
      <Form>DegSeqForm</Form>
    </DCCReference>
    <DCCReference Include="DenimF.pas">
      <Form>DenimForm</Form>
      <DesignClass>TTntForm</DesignClass>
    </DCCReference>
    <DCCReference Include="DepavageF.pas">
      <Form>DepavageForm</Form>
    </DCCReference>
    <DCCReference Include="DesignF.pas">
      <Form>DesignForm</Form>
      <DesignClass>TTntForm</DesignClass>
    </DCCReference>
    <DCCReference Include="DisposeF.pas">
      <Form>DisposeForm</Form>
      <DesignClass>TTntForm</DesignClass>
    </DCCReference>
    <DCCReference Include="DobbySelectF.pas">
      <Form>DobbySelectForm</Form>
    </DCCReference>
    <DCCReference Include="DobImportF.pas">
      <Form>DobImportForm</Form>
    </DCCReference>
    <DCCReference Include="DraftWF.pas">
      <Form>DraftWizardForm</Form>
      <DesignClass>TTntForm</DesignClass>
    </DCCReference>
    <DCCReference Include="EncantrageF.pas">
      <Form>EncantrageForm</Form>
      <DesignClass>TTntForm</DesignClass>
    </DCCReference>
    <DCCReference Include="EntretienF.pas">
      <Form>EntretienForm</Form>
      <DesignClass>TTntForm</DesignClass>
    </DCCReference>
    <DCCReference Include="EpongeF.pas">
      <Form>EpongeForm</Form>
      <DesignClass>TTntForm</DesignClass>
    </DCCReference>
    <DCCReference Include="ExchangeShaftF.pas">
      <Form>ExchangeShaftForm</Form>
    </DCCReference>
    <DCCReference Include="Fabric3DF.pas">
      <Form>Fabric3DForm</Form>
    </DCCReference>
    <DCCReference Include="FillWeaveUnit.pas" />
    <DCCReference Include="FindColorF.pas">
      <Form>FindColorForm</Form>
    </DCCReference>
    <DCCReference Include="flipWF.pas">
      <Form>FlipWeaveForm</Form>
      <DesignClass>TTntForm</DesignClass>
    </DCCReference>
    <DCCReference Include="FloppyF.pas">
      <Form>FloppyForm</Form>
      <DesignClass>TTntForm</DesignClass>
    </DCCReference>
    <DCCReference Include="FMain.pas">
      <Form>MainForm</Form>
    </DCCReference>
    <DCCReference Include="FullRepeatF.pas">
      <Form>FullRepeatForm</Form>
    </DCCReference>
    <DCCReference Include="FunctionsF.pas">
      <Form>FunctionsForm</Form>
    </DCCReference>
    <DCCReference Include="GradientF.pas">
      <Form>GradientForm</Form>
    </DCCReference>
    <DCCReference Include="HugeRepeatF.pas">
      <Form>HugeRepeatForm</Form>
      <DesignClass>TTntForm</DesignClass>
    </DCCReference>
    <DCCReference Include="Image2DataF.pas">
      <Form>Image2DataForm</Form>
      <DesignClass>TTntForm</DesignClass>
    </DCCReference>
    <DCCReference Include="importCF.pas">
      <Form>ImportCardFrom</Form>
      <DesignClass>TTntForm</DesignClass>
    </DCCReference>
    <DCCReference Include="InsertDobbyF.pas">
      <Form>InsertDobbyForm</Form>
    </DCCReference>
    <DCCReference Include="InsertF.pas">
      <Form>InsertForm</Form>
      <DesignClass>TTntForm</DesignClass>
    </DCCReference>
    <DCCReference Include="InsertMECF.pas">
      <Form>InsertMECForm</Form>
      <DesignClass>TTntForm</DesignClass>
    </DCCReference>
    <DCCReference Include="JacqF.pas">
      <Form>JacquardFrom</Form>
    </DCCReference>
    <DCCReference Include="JacquardWF.pas">
      <Form>NewJacForm</Form>
      <DesignClass>TTntForm</DesignClass>
    </DCCReference>
    <DCCReference Include="jacqwizard2F.pas">
      <Form>JacqWizardForm2</Form>
      <DesignClass>TTntForm</DesignClass>
    </DCCReference>
    <DCCReference Include="KEYBD.pas">
      <Form>Clavier</Form>
      <DesignClass>TTntForm</DesignClass>
    </DCCReference>
    <DCCReference Include="KEYBD2.pas">
      <Form>RentrageClavierForm</Form>
      <DesignClass>TTntForm</DesignClass>
    </DCCReference>
    <DCCReference Include="LattageClavierF.pas">
      <Form>LattageClavierForm</Form>
      <DesignClass>TTntForm</DesignClass>
    </DCCReference>
    <DCCReference Include="LeonardoF.pas">
      <Form>LeonardoForm</Form>
    </DCCReference>
    <DCCReference Include="mecanicF.pas">
      <Form>MecanicForm</Form>
      <DesignClass>TTntForm</DesignClass>
    </DCCReference>
    <DCCReference Include="MultiFabricF.pas">
      <Form>MultiFabricForm</Form>
      <DesignClass>TTntForm</DesignClass>
    </DCCReference>
    <DCCReference Include="MultiImpF.pas">
      <Form>MultiImpForm</Form>
      <DesignClass>TTntForm</DesignClass>
    </DCCReference>
    <DCCReference Include="pegplanF.pas">
      <Form>PegPlanForm</Form>
    </DCCReference>
    <DCCReference Include="PicanolContF.pas">
      <Form>PicanolControlerForm</Form>
    </DCCReference>
    <DCCReference Include="PiquageClavierF.pas">
      <Form>PiquageClavierForm</Form>
      <DesignClass>TTntForm</DesignClass>
    </DCCReference>
    <DCCReference Include="randomF.pas">
      <Form>randomform</Form>
      <DesignClass>TTntForm</DesignClass>
    </DCCReference>
    <DCCReference Include="RedistLattageF.pas">
      <Form>RedistLattageForm</Form>
    </DCCReference>
    <DCCReference Include="RegSeqF.pas">
      <Form>RegulatorSequenceform</Form>
    </DCCReference>
    <DCCReference Include="RemoveitemFromMECF.pas">
      <Form>RemoveitemFromMECForm</Form>
    </DCCReference>
    <DCCReference Include="RentrageF.pas">
      <Form>RentrageForm</Form>
      <DesignClass>TTntForm</DesignClass>
    </DCCReference>
    <DCCReference Include="ScanF.pas">
      <Form>ScanForm</Form>
      <DesignClass>TTntForm</DesignClass>
    </DCCReference>
    <DCCReference Include="SearchF.pas">
      <Form>SearchForm</Form>
      <DesignClass>TTntForm</DesignClass>
    </DCCReference>
    <DCCReference Include="SelectSelF.pas">
      <Form>SelectSelForm</Form>
      <DesignClass>TTntForm</DesignClass>
    </DCCReference>
    <DCCReference Include="selimpf.pas">
      <Form>SelImp</Form>
      <DesignClass>TTntForm</DesignClass>
    </DCCReference>
    <DCCReference Include="Sim3DF.pas">
      <Form>Sim3DForm</Form>
      <DesignClass>TTntForm</DesignClass>
    </DCCReference>
    <DCCReference Include="Simul 3D - Sans dll\Visualweave.pas" />
    <DCCReference Include="simulf.pas">
      <Form>SimulForm</Form>
      <DesignClass>TTntForm</DesignClass>
    </DCCReference>
    <DCCReference Include="StatJacqF.pas">
      <Form>StatForm</Form>
      <DesignClass>TTntForm</DesignClass>
    </DCCReference>
    <DCCReference Include="SurimpDimF.pas">
      <Form>SurimpDimForm</Form>
      <DesignClass>TTntForm</DesignClass>
    </DCCReference>
    <DCCReference Include="TechDobbyF.pas">
      <Form>TechDobbyForm</Form>
    </DCCReference>
    <DCCReference Include="ThumbF.pas">
      <Form>Thumbform</Form>
    </DCCReference>
    <DCCReference Include="TodoF.pas">
      <Form>ToDoForm</Form>
      <DesignClass>TTntForm</DesignClass>
    </DCCReference>
    <DCCReference Include="varianteF.pas">
      <Form>VarianteForm</Form>
      <DesignClass>TTntForm</DesignClass>
    </DCCReference>
    <DCCReference Include="varsimul.pas">
      <Form>varsimulForm</Form>
      <DesignClass>TTntForm</DesignClass>
    </DCCReference>
    <DCCReference Include="VirtualYarnF.pas">
      <Form>VirtualYarnform</Form>
    </DCCReference>
    <DCCReference Include="Weave3DlibUnit.pas" />
    <DCCReference Include="wrepeatf.pas">
      <Form>WeaveRepeatform</Form>
      <DesignClass>TTntForm</DesignClass>
    </DCCReference>
  </ItemGroup>
</Project>
<!-- EurekaLog First Line
[Exception Log]
EurekaLog Version=7001
Activate=0
atVCL=1
AutoCrashOperation=2
boHandleSafeCallExceptions=1
boUseMainModuleOptions=1
csoAllowedRenderMethods=64
csoShowWindowsThreads=1
DeleteMapAfterCompile=0
dpJCL=1
Email Address="tech1@yxendis.com"
Email Object="YX-Weave Bug Report"
Encrypt Password=""
Errors Number=32
Errors Terminate=3
Freeze Activate=1
Freeze Timeout=600
idEurekaLog=1
idEurekaLogDetailed=1
idMSClassic=1
idStepsToReproduce=1
loFreeAllLeaks=1
loHideRTLLeaks=0
loMaxLeaks=0
loOnlyUnderIDE=0
loProcessesSection=1
loResCatchLeaks=1
Output Path=""
ProjectID="{3FB54166-BED9-440F-86F3-CD336726A52F}"
Sender Classes="TELMailSimpleMAPISender"
seSMAPI=1
SMTP From="eurekalog@email.com"
SMTP Host=""
SMTP UserID=""
sndAddComputerNameInFileName=1
sndBugZillaLogin=""
sndBugZillaPort=0
sndBugZillaURL=""
sndFogBugzHost=""
sndFogBugzLogin=""
sndFogBugzPort=0
sndFTPLogin=""
sndFTPPort=0
sndFTPURL=""
sndHTTPPort=0
sndHTTPURL=""
sndMantisLogin=""
sndMantisPort=0
sndMantisURL=""
sndMAPISubject="YX-Weave Bug Report"
sndMAPITarget="tech1@yxendis.com"
sndShellRecepient="tech1@yxendis.com"
sndShellSubject="YX-Weave Bug Report"
sndShowFailureMsg=1
sndSMAPISubject="YX-Weave Bug Report"
sndSMAPITarget="tech1@yxendis.com"
sndSMTPClientFrom="eurekalog@email.com"
sndSMTPClientHost=""
sndSMTPClientLogin=""
sndSMTPClientSubject="YX-Weave Bug Report"
sndSMTPClientTarget="tech1@yxendis.com"
sndSMTPServerFrom="eurekalog@email.com"
sndSMTPServerSubject="YX-Weave Bug Report"
sndSMTPServerTarget="tech1@yxendis.com"
soActCtlsControlClass=1
soActCtlsControlText=1
soActCtlsFormClass=1
soActCtlsFormText=1
soAppCompilationDate=1
soAppName=1
soAppParameters=1
soAppStartDate=1
soAppUpTime=1
soAppVersionNumber=1
soCmpDisplayDPI=1
soCmpDisplayMode=1
soCmpFreeDisk=1
soCmpFreeMemory=1
soCmpName=1
soCmpPrinter=1
soCmpProcessor=1
soCmpSysUpTime=1
soCmpTotalDisk=1
soCmpTotalMemory=1
soCmpVideoCard=1
soCustomData=1
soExcCount=1
soExcDate=1
soExcModuleName=1
soExcModuleVersion=1
soExcNote=1
soExcStatus=1
soNetDHCP=1
soNetDNS1=1
soNetDNS2=1
soNetGateway=1
soNetIP=1
soNetSubmask=1
soOSBuildN=1
soOSCharset=1
soOSLanguage=1
soOSType=1
soOSUpdate=1
soUserCompany=1
soUserID=1
soUserPrivileges=1
TextsCollection=""
TrakerUser=""
WebPort=0
WebURL=""
EurekaLog Last Line -->