<?xml version="1.0" encoding="utf-8"?>
<Project xmlns="http://schemas.microsoft.com/developer/msbuild/2003">
  <PropertyGroup>
    <ProjectGuid>{d0a67953-c7b3-4790-a75f-40d98ba2a6a9}</ProjectGuid>
    <MainSource>fifoYarn.dpr</MainSource>
    <Configuration Condition=" '$(Configuration)' == '' ">Release</Configuration>
    <Platform Condition=" '$(Platform)' == '' ">AnyCPU</Platform>
    <DCC_DCCCompiler>DCC32</DCC_DCCCompiler>
    <DCC_DependencyCheckOutputName>fifoYarn.exe</DCC_DependencyCheckOutputName>
  </PropertyGroup>
  <PropertyGroup Condition=" '$(Configuration)|$(Platform)' == 'Release|AnyCPU' ">
    <Version>7.0</Version>
    <DCC_SymbolReferenceInfo>0</DCC_SymbolReferenceInfo>
    <DCC_StackSize>16384,16777216</DCC_StackSize>
    <DCC_UnitSearchPath>C:\Documents and Settings\ads\Mes documents\new partage\yx-weave platinium</DCC_UnitSearchPath>
    <DCC_ResourcePath>C:\Documents and Settings\ads\Mes documents\new partage\yx-weave platinium</DCC_ResourcePath>
    <DCC_ObjPath>C:\Documents and Settings\ads\Mes documents\new partage\yx-weave platinium</DCC_ObjPath>
    <DCC_IncludePath>C:\Documents and Settings\ads\Mes documents\new partage\yx-weave platinium</DCC_IncludePath>
    <DCC_Define>RELEASE</DCC_Define>
    <DCC_AssertionsAtRuntime>False</DCC_AssertionsAtRuntime>
    <DCC_DebugInformation>False</DCC_DebugInformation>
    <DCC_LocalDebugSymbols>False</DCC_LocalDebugSymbols>
  </PropertyGroup>
  <PropertyGroup Condition=" '$(Configuration)|$(Platform)' == 'Debug|AnyCPU' ">
    <Version>7.0</Version>
    <DCC_SymbolReferenceInfo>2</DCC_SymbolReferenceInfo>
    <DCC_StackSize>16384,16777216</DCC_StackSize>
    <DCC_UnitSearchPath>C:\COMPOS~1\Jedi\jcl\lib\d11\debug;$(BDS)\lib\Debug;$(BDS)\Lib\Debug\Indy10;$(BDS)\RaveReports\Lib;C:\Documents and Settings\ads\Mes documents\new partage\yx-weave platinium</DCC_UnitSearchPath>
    <DCC_ResourcePath>C:\COMPOS~1\Jedi\jcl\lib\d11\debug;$(BDS)\lib\Debug;$(BDS)\Lib\Debug\Indy10;$(BDS)\RaveReports\Lib;C:\Documents and Settings\ads\Mes documents\new partage\yx-weave platinium</DCC_ResourcePath>
    <DCC_ObjPath>C:\COMPOS~1\Jedi\jcl\lib\d11\debug;$(BDS)\lib\Debug;$(BDS)\Lib\Debug\Indy10;$(BDS)\RaveReports\Lib;C:\Documents and Settings\ads\Mes documents\new partage\yx-weave platinium</DCC_ObjPath>
    <DCC_IncludePath>C:\COMPOS~1\Jedi\jcl\lib\d11\debug;$(BDS)\lib\Debug;$(BDS)\Lib\Debug\Indy10;$(BDS)\RaveReports\Lib;C:\Documents and Settings\ads\Mes documents\new partage\yx-weave platinium</DCC_IncludePath>
    <DCC_Define>DEBUG;</DCC_Define>
    <DCC_MapFile>3</DCC_MapFile>
  </PropertyGroup>
  <ProjectExtensions>
    <Borland.Personality>Delphi.Personality</Borland.Personality>
    <Borland.ProjectType>VCLApplication</Borland.ProjectType>
    <BorlandProject>
<BorlandProject><Delphi.Personality><Parameters><Parameters Name="UseLauncher">False</Parameters><Parameters Name="LoadAllSymbols">True</Parameters><Parameters Name="LoadUnspecifiedSymbols">False</Parameters></Parameters><Language><Language Name="RootDir">C:\Program Files\Borland\Delphi7\Bin\</Language></Language><VersionInfo><VersionInfo Name="IncludeVerInfo">True</VersionInfo><VersionInfo Name="AutoIncBuild">False</VersionInfo><VersionInfo Name="MajorVer">4</VersionInfo><VersionInfo Name="MinorVer">0</VersionInfo><VersionInfo Name="Release">0</VersionInfo><VersionInfo Name="Build">54</VersionInfo><VersionInfo Name="Debug">False</VersionInfo><VersionInfo Name="PreRelease">False</VersionInfo><VersionInfo Name="Special">False</VersionInfo><VersionInfo Name="Private">False</VersionInfo><VersionInfo Name="DLL">False</VersionInfo><VersionInfo Name="Locale">1036</VersionInfo><VersionInfo Name="CodePage">1252</VersionInfo></VersionInfo><VersionInfoKeys><VersionInfoKeys Name="CompanyName">fifo</VersionInfoKeys><VersionInfoKeys Name="FileDescription">Software for Designing Yarns</VersionInfoKeys><VersionInfoKeys Name="FileVersion">4.0.0.54</VersionInfoKeys><VersionInfoKeys Name="InternalName"></VersionInfoKeys><VersionInfoKeys Name="LegalCopyright">1996-2008 fifo</VersionInfoKeys><VersionInfoKeys Name="LegalTrademarks"></VersionInfoKeys><VersionInfoKeys Name="OriginalFilename"></VersionInfoKeys><VersionInfoKeys Name="ProductName">fifo-Yarn</VersionInfoKeys><VersionInfoKeys Name="ProductVersion">4.0.0.0</VersionInfoKeys><VersionInfoKeys Name="Comments"></VersionInfoKeys></VersionInfoKeys><Source><Source Name="MainSource">fifoYarn.dpr</Source></Source><Excluded_Packages>
      
      
      <Excluded_Packages Name="$(BDS)\bin\dclofficexp100.bpl">Composants Microsoft Office XP Sample Automation Server Wrapper</Excluded_Packages>
    </Excluded_Packages></Delphi.Personality></BorlandProject></BorlandProject>
  </ProjectExtensions>
  <Import Project="$(MSBuildBinPath)\Borland.Delphi.Targets" />
  <ItemGroup>
    <DelphiCompile Include="fifoYarn.dpr">
      <MainSource>MainSource</MainSource>
    </DelphiCompile>
    <DCCReference Include="..\Common\Datas.pas">
      <Form>DM</Form>
      <DesignClass>TDataModule</DesignClass>
    </DCCReference>
    <DCCReference Include="..\Common\DobbyWF.pas">
      <Form>DobbyWizardFrom</Form>
      <DesignClass>TTntForm</DesignClass>
    </DCCReference>
    <DCCReference Include="..\Common\YarnUnit.pas" />
    <DCCReference Include="..\YX-Weave New - Copie\selimpf.pas">
      <DesignClass>TTntForm</DesignClass>
      <Form>SelImp</Form>
    </DCCReference>
    <DCCReference Include="..\YX-Weave New - Copie\simulf.pas">
      <DesignClass>TTntForm</DesignClass>
      <Form>SimulForm</Form>
    </DCCReference>
    <DCCReference Include="..\YX-Weave New\selimpf.pas">
      <Form>SelImp</Form>
      <DesignClass>TTntForm</DesignClass>
    </DCCReference>
    <DCCReference Include="..\YX-Weave New\simulf.pas">
      <Form>SimulForm</Form>
      <DesignClass>TTntForm</DesignClass>
    </DCCReference>
    <DCCReference Include="aboutf.pas">
      <Form>aboutForm</Form>
      <DesignClass>TTntForm</DesignClass>
    </DCCReference>
    <DCCReference Include="ADjustF.pas">
      <Form>ADjustForm</Form>
    </DCCReference>
    <DCCReference Include="ChoixImpF.pas">
      <Form>ChoixImpForm</Form>
      <DesignClass>TTntForm</DesignClass>
    </DCCReference>
    <DCCReference Include="cpicker.pas">
      <Form>CPickerForm</Form>
      <DesignClass>TTntForm</DesignClass>
    </DCCReference>
    <DCCReference Include="DataColorF.pas">
      <Form>DataColorForm</Form>
    </DCCReference>
    <DCCReference Include="DataF.pas">
      <Form>DataForm</Form>
      <DesignClass>TTntForm</DesignClass>
    </DCCReference>
    <DCCReference Include="fancyf.pas">
      <Form>FancyForm</Form>
      <DesignClass>TTntForm</DesignClass>
    </DCCReference>
    <DCCReference Include="FindColorF.pas">
      <Form>FindColorForm</Form>
      <DesignClass>TTntForm</DesignClass>
    </DCCReference>
    <DCCReference Include="libF.pas">
      <Form>LibraryForm</Form>
      <DesignClass>TTntForm</DesignClass>
    </DCCReference>
    <DCCReference Include="MainF.pas">
      <Form>FrmMain</Form>
    </DCCReference>
    <DCCReference Include="PrefF.pas">
      <Form>PrefFrom</Form>
      <DesignClass>TTntForm</DesignClass>
    </DCCReference>
    <DCCReference Include="RepeatF.pas">
      <Form>RepeatForm</Form>
      <DesignClass>TTntForm</DesignClass>
    </DCCReference>
    <DCCReference Include="ScanWizardF.pas">
      <Form>ScanForm</Form>
      <DesignClass>TTntForm</DesignClass>
    </DCCReference>
    <DCCReference Include="SlubF.pas">
      <Form>SlubForm</Form>
    </DCCReference>
    <DCCReference Include="SpaceDF.pas">
      <Form>SpaceDyeForm</Form>
    </DCCReference>
    <DCCReference Include="ThumbF.pas">
      <Form>ThumbForm</Form>
      <DesignClass>TTntForm</DesignClass>
    </DCCReference>
  </ItemGroup>
</Project>
<!-- EurekaLog First Line
[Exception Log]
EurekaLog Version=7001
Activate=0
AutoCrashOperation=2
boHandleSafeCallExceptions=1
boUseMainModuleOptions=1
CompatibilityMode=1
csoAllowedRenderMethods=64
csoDisabledRenderMethods=-2
csoShowWindowsThreads=1
Email Address="tech1@yxendis.com"
Email Object="Report bug"
Encrypt Password=""
Errors Number=32
Errors Terminate=3
Foreground Tab=0
Freeze Activate=1
Freeze Timeout=30
loCatchLeaks=0
loEnableMMDebugMode=0
loFreeAllLeaks=1
loHideRTLLeaks=0
loMaxLeaks=1024
loOnlyUnderIDE=0
loProcessesSection=1
Output Path=""
Sender Classes="TELMailSimpleMAPISender"
SMTP From="eurekalog@email.com"
SMTP Host=""
SMTP UserID=""
sndAddDateInFileName=0
sndScreenshot=3
sndShowSuccessMsg=0
soActCtlsControlClass=1
soActCtlsControlText=1
soActCtlsFormClass=1
soActCtlsFormText=1
soAppCompilationDate=1
soAppName=1
soAppParameters=1
soAppStartDate=1
soAppUpTime=1
soAppVersionNumber=1
soCmpDisplayDPI=1
soCmpDisplayMode=1
soCmpFreeDisk=1
soCmpFreeMemory=1
soCmpName=1
soCmpPrinter=1
soCmpProcessor=1
soCmpSysUpTime=1
soCmpTotalDisk=1
soCmpTotalMemory=1
soCmpVideoCard=1
soCustomData=1
soExcCount=1
soExcDate=1
soExcModuleName=1
soExcModuleVersion=1
soExcNote=1
soExcStatus=1
soNetDHCP=1
soNetDNS1=1
soNetDNS2=1
soNetGateway=1
soNetIP=1
soNetSubmask=1
soOSBuildN=1
soOSCharset=1
soOSLanguage=1
soOSType=1
soOSUpdate=1
soUserCompany=1
soUserID=1
soUserPrivileges=1
TextsCollection=""
TrakerUser=""
WebPort=0
WebURL=""
EurekaLog Last Line -->